# @generated - this file is auto-generated by `mise lock` https://mise.jdx.dev/dev-tools/mise-lock.html

lockfile_version = 1

[[tools."github:sebastian-software/mdtheme"]]
version = "0.4.0"
backend = "github:sebastian-software/mdtheme"
specifiers = ["0.4.0"]

[tools."github:sebastian-software/mdtheme".options]
version_prefix = "mdtheme-v"

[tools."github:sebastian-software/mdtheme"."platforms.linux-arm64"]
checksum = "sha256:1b3757e23cc189dbd59bbad7bbfc25f772ac117cd559f29b27e77af538ca9d5c"
url = "https://github.com/sebastian-software/mdtheme/releases/download/mdtheme-v0.4.0/mdtheme-aarch64-unknown-linux-gnu.tar.gz"
url_api = "https://api.github.com/repos/sebastian-software/mdtheme/releases/assets/558019910"

[tools."github:sebastian-software/mdtheme"."platforms.linux-x64"]
checksum = "sha256:b6c6ef4376833c415794850e4a0e9d6d1fafa0d5877d0a14832eee3ea6d086fc"
url = "https://github.com/sebastian-software/mdtheme/releases/download/mdtheme-v0.4.0/mdtheme-x86_64-unknown-linux-gnu.tar.gz"
url_api = "https://api.github.com/repos/sebastian-software/mdtheme/releases/assets/558019918"

[tools."github:sebastian-software/mdtheme"."platforms.macos-arm64"]
checksum = "sha256:201243574c27f7c8544c32aa127df9a01e70786ca1eb70c65bdc808c872a2602"
url = "https://github.com/sebastian-software/mdtheme/releases/download/mdtheme-v0.4.0/mdtheme-aarch64-apple-darwin.tar.gz"
url_api = "https://api.github.com/repos/sebastian-software/mdtheme/releases/assets/558019908"

[tools."github:sebastian-software/mdtheme"."platforms.macos-x64"]
checksum = "sha256:15736659034616f11126ecf90502083af8763b1dc4216db933086f8bd6f0ef16"
url = "https://github.com/sebastian-software/mdtheme/releases/download/mdtheme-v0.4.0/mdtheme-x86_64-apple-darwin.tar.gz"
url_api = "https://api.github.com/repos/sebastian-software/mdtheme/releases/assets/558019907"

[tools."github:sebastian-software/mdtheme"."platforms.windows-x64"]
checksum = "sha256:43fd128b7e146740c9ef7d02d2de25d7977479815a0d76496c434aab6c582305"
url = "https://github.com/sebastian-software/mdtheme/releases/download/mdtheme-v0.4.0/mdtheme-x86_64-pc-windows-msvc.tar.gz"
url_api = "https://api.github.com/repos/sebastian-software/mdtheme/releases/assets/558019920"
